
Microsoft Visual Studio Solution File, Format Version 12.00
# Visual Studio Version 16
VisualStudioVersion = 16.0.31729.503
MinimumVisualStudioVersion = 10.0.40219.1
Project("{FAE04EC0-301F-11D3-BF4B-00C04F79EFBC}") = "DotnetWebApi", "DotnetWebApi\DotnetWebApi.csproj", "{2BD81D25-067E-4769-A2F4-931DED0DB713}"
EndProject
Global
	GlobalSection(SolutionConfigurationPlatforms) = preSolution
		Debug|Any CPU = Debug|Any CPU
		Release|Any CPU = Release|Any CPU
	EndGlobalSection
	GlobalSection(ProjectConfigurationPlatforms) = postSolution
		{2BD81D25-067E-4769-A2F4-931DED0DB713}.Debug|Any CPU.ActiveCfg = Debug|Any CPU
		{2BD81D25-067E-4769-A2F4-931DED0DB713}.Debug|Any CPU.Build.0 = Debug|Any CPU
		{2BD81D25-067E-4769-A2F4-931DED0DB713}.Release|Any CPU.ActiveCfg = Release|Any CPU
		{2BD81D25-067E-4769-A2F4-931DED0DB713}.Release|Any CPU.Build.0 = Release|Any CPU
	EndGlobalSection
	GlobalSection(SolutionProperties) = preSolution
		HideSolutionNode = FALSE
	EndGlobalSection
	GlobalSection(ExtensibilityGlobals) = postSolution
		SolutionGuid = {02305FDB-8228-4827-A5FA-16D7720EA991}
	EndGlobalSection
EndGlobal
